
Microsoft Visual Studio Solution File, Format Version 10.00
# Visual Studio 2008
Project("{FAE04EC0-301F-11D3-BF4B-00C04F79EFBC}") = "TileSetDoubler", "TileSetDoubler\TileSetDoubler.csproj", "{AD0BA0C2-65CF-4183-9718-7DE17A4CE72F}"
EndProject
Project("{FAE04EC0-301F-11D3-BF4B-00C04F79EFBC}") = "ImageToJs", "ImageToJs\ImageToJs.csproj", "{381ADEF2-AE1F-4A5B-9272-78C6DED1A891}"
EndProject
Global
	GlobalSection(SolutionConfigurationPlatforms) = preSolution
		Debug|Any CPU = Debug|Any CPU
		Release|Any CPU = Release|Any CPU
	EndGlobalSection
	GlobalSection(ProjectConfigurationPlatforms) = postSolution
		{AD0BA0C2-65CF-4183-9718-7DE17A4CE72F}.Debug|Any CPU.ActiveCfg = Debug|Any CPU
		{AD0BA0C2-65CF-4183-9718-7DE17A4CE72F}.Debug|Any CPU.Build.0 = Debug|Any CPU
		{AD0BA0C2-65CF-4183-9718-7DE17A4CE72F}.Release|Any CPU.ActiveCfg = Release|Any CPU
		{AD0BA0C2-65CF-4183-9718-7DE17A4CE72F}.Release|Any CPU.Build.0 = Release|Any CPU
		{381ADEF2-AE1F-4A5B-9272-78C6DED1A891}.Debug|Any CPU.ActiveCfg = Debug|Any CPU
		{381ADEF2-AE1F-4A5B-9272-78C6DED1A891}.Debug|Any CPU.Build.0 = Debug|Any CPU
		{381ADEF2-AE1F-4A5B-9272-78C6DED1A891}.Release|Any CPU.ActiveCfg = Release|Any CPU
		{381ADEF2-AE1F-4A5B-9272-78C6DED1A891}.Release|Any CPU.Build.0 = Release|Any CPU
	EndGlobalSection
	GlobalSection(SolutionProperties) = preSolution
		HideSolutionNode = FALSE
	EndGlobalSection
EndGlobal
